
Microsoft Visual Studio Solution File, Format Version 12.00
# Visual Studio 14
VisualStudioVersion = 14.0.25420.1
MinimumVisualStudioVersion = 10.0.40219.1
Project("{FAE04EC0-301F-11D3-BF4B-00C04F79EFBC}") = "NCI", "NCI\NCI.csproj", "{16F0FD90-25FA-4865-9C43-EA00C0D86740}"
EndProject
Project("{FAE04EC0-301F-11D3-BF4B-00C04F79EFBC}") = "NCI.Tests", "NCI.Tests\NCI.Tests.csproj", "{DE0D7F78-0F22-468C-92CF-B444908D3E55}"
EndProject
Global
	GlobalSection(SolutionConfigurationPlatforms) = preSolution
		Debug|Any CPU = Debug|Any CPU
		Release|Any CPU = Release|Any CPU
	EndGlobalSection
	GlobalSection(ProjectConfigurationPlatforms) = postSolution
		{16F0FD90-25FA-4865-9C43-EA00C0D86740}.Debug|Any CPU.ActiveCfg = Debug|Any CPU
		{16F0FD90-25FA-4865-9C43-EA00C0D86740}.Debug|Any CPU.Build.0 = Debug|Any CPU
		{16F0FD90-25FA-4865-9C43-EA00C0D86740}.Release|Any CPU.ActiveCfg = Release|Any CPU
		{16F0FD90-25FA-4865-9C43-EA00C0D86740}.Release|Any CPU.Build.0 = Release|Any CPU
		{DE0D7F78-0F22-468C-92CF-B444908D3E55}.Debug|Any CPU.ActiveCfg = Debug|Any CPU
		{DE0D7F78-0F22-468C-92CF-B444908D3E55}.Debug|Any CPU.Build.0 = Debug|Any CPU
		{DE0D7F78-0F22-468C-92CF-B444908D3E55}.Release|Any CPU.ActiveCfg = Release|Any CPU
		{DE0D7F78-0F22-468C-92CF-B444908D3E55}.Release|Any CPU.Build.0 = Release|Any CPU
	EndGlobalSection
	GlobalSection(SolutionProperties) = preSolution
		HideSolutionNode = FALSE
	EndGlobalSection
EndGlobal
